{
  "name": "auscinema-seatfinder",
  "version": "0.0.0",
  "lockfileVersion": 3,
  "requires": true,
  "packages": {
    "": {
      "name": "auscinema-seatfinder",
      "version": "0.0.0",
      "license": "MIT",
      "workspaces": [
        "packages/core",
        "packages/adapters/*",
        "packages/api",
        "apps/web"
      ],
      "devDependencies": {
        "typescript": "^5.6.0"
      },
      "engines": {
        "node": ">=20"
      }
    },
    "apps/web": {
      "name": "@auscinema/web",
      "version": "0.0.0"
    },
    "node_modules/@auscinema/adapter-event": {
      "resolved": "packages/adapters/event",
      "link": true
    },
    "node_modules/@auscinema/adapter-hoyts": {
      "resolved": "packages/adapters/hoyts",
      "link": true
    },
    "node_modules/@auscinema/adapter-reading": {
      "resolved": "packages/adapters/reading",
      "link": true
    },
    "node_modules/@auscinema/adapter-village": {
      "resolved": "packages/adapters/village",
      "link": true
    },
    "node_modules/@auscinema/api": {
      "resolved": "packages/api",
      "link": true
    },
    "node_modules/@auscinema/core": {
      "resolved": "packages/core",
      "link": true
    },
    "node_modules/@auscinema/web": {
      "resolved": "apps/web",
      "link": true
    },
    "node_modules/@types/node": {
      "version": "20.19.43",
      "resolved": "https://registry.npmjs.org/@types/node/-/node-20.19.43.tgz",
      "integrity": "sha512-6oYBAi5ikg4Pl+kGsoYtawUMBT2zZMCvPNF7pVLnHZfd1zf38DRiWn/gT01RYCdUqkv7Fhr+C9ot4/tb+2sVvA==",
      "dev": true,
      "license": "MIT",
      "dependencies": {
        "undici-types": "~6.21.0"
      }
    },
    "node_modules/typescript": {
      "version": "5.9.3",
      "resolved": "https://registry.npmjs.org/typescript/-/typescript-5.9.3.tgz",
      "integrity": "sha512-jl1vZzPDinLr9eUt3J/t7V6FgNEw9QjvBPdysz9KfQDD41fQrC2Y4vKQdiaUpFT4bXlb1RHhLpp8wtm6M5TgSw==",
      "dev": true,
      "license": "Apache-2.0",
      "bin": {
        "tsc": "bin/tsc",
        "tsserver": "bin/tsserver"
      },
      "engines": {
        "node": ">=14.17"
      }
    },
    "node_modules/undici-types": {
      "version": "6.21.0",
      "resolved": "https://registry.npmjs.org/undici-types/-/undici-types-6.21.0.tgz",
      "integrity": "sha512-iwDZqg0QAGrg9Rav5H4n0M64c3mkR59cJ6wQp+7C4nI0gsmExaedaYLNO44eT4AtBBwjbTiGPMlt2Md0T9H9JQ==",
      "dev": true,
      "license": "MIT"
    },
    "packages/adapters/event": {
      "name": "@auscinema/adapter-event",
      "version": "0.0.0",
      "dependencies": {
        "@auscinema/core": "*"
      },
      "devDependencies": {
        "@types/node": "^20.0.0"
      }
    },
    "packages/adapters/hoyts": {
      "name": "@auscinema/adapter-hoyts",
      "version": "0.0.0",
      "dependencies": {
        "@auscinema/core": "*"
      }
    },
    "packages/adapters/reading": {
      "name": "@auscinema/adapter-reading",
      "version": "0.0.0",
      "dependencies": {
        "@auscinema/core": "*"
      }
    },
    "packages/adapters/village": {
      "name": "@auscinema/adapter-village",
      "version": "0.0.0",
      "dependencies": {
        "@auscinema/core": "*"
      }
    },
    "packages/api": {
      "name": "@auscinema/api",
      "version": "0.0.0",
      "dependencies": {
        "@auscinema/core": "*"
      }
    },
    "packages/core": {
      "name": "@auscinema/core",
      "version": "0.0.0"
    }
  }
}
